
Microsoft Visual Studio Solution File, Format Version 12.00
Project("{FAE04EC0-301F-11D3-BF4B-00C04F79EFBC}") = "QuizStep", "QuizStep\QuizStep.csproj", "{4D96E2B9-E79A-438F-A823-74A3B829E454}"
EndProject
Global
	GlobalSection(SolutionConfigurationPlatforms) = preSolution
		Debug|Any CPU = Debug|Any CPU
		Release|Any CPU = Release|Any CPU
	EndGlobalSection
	GlobalSection(ProjectConfigurationPlatforms) = postSolution
		{4D96E2B9-E79A-438F-A823-74A3B829E454}.Debug|Any CPU.ActiveCfg = Debug|Any CPU
		{4D96E2B9-E79A-438F-A823-74A3B829E454}.Debug|Any CPU.Build.0 = Debug|Any CPU
		{4D96E2B9-E79A-438F-A823-74A3B829E454}.Release|Any CPU.ActiveCfg = Release|Any CPU
		{4D96E2B9-E79A-438F-A823-74A3B829E454}.Release|Any CPU.Build.0 = Release|Any CPU
	EndGlobalSection
EndGlobal
